// !$*UTF8*$!
{
	archiveVersion = 1;
	classes = {
	};
	objectVersion = 50;
	objects = {

/* Begin PBXBuildFile section */
		C1B86816212B11AF00085E6A /* RecipeViewController.swift in Sources */ = {isa = PBXBuildFile; fileRef = C1B86815212B11AF00085E6A /* RecipeViewController.swift */; };
		C1BB12B5211CFA050023E76E /* AppDelegate.swift in Sources */ = {isa = PBXBuildFile; fileRef = C1BB12B4211CFA050023E76E /* AppDelegate.swift */; };
		C1BB12BC211CFA050023E76E /* Main.storyboard in Resources */ = {isa = PBXBuildFile; fileRef = C1BB12BA211CFA050023E76E /* Main.storyboard */; };
		C1BB12BE211CFA060023E76E /* Assets.xcassets in Resources */ = {isa = PBXBuildFile; fileRef = C1BB12BD211CFA060023E76E /* Assets.xcassets */; };
		C1BB12C1211CFA060023E76E /* LaunchScreen.storyboard in Resources */ = {isa = PBXBuildFile; fileRef = C1BB12BF211CFA060023E76E /* LaunchScreen.storyboard */; };
		C1BB12CB21209FD90023E76E /* BreakfastTableViewController.swift in Sources */ = {isa = PBXBuildFile; fileRef = C1BB12CA21209FD90023E76E /* BreakfastTableViewController.swift */; };
		C1BB12CD2120A1530023E76E /* LunchTableViewController.swift in Sources */ = {isa = PBXBuildFile; fileRef = C1BB12CC2120A1530023E76E /* LunchTableViewController.swift */; };
		C1BB12CF2120A1670023E76E /* DinnerTableViewController.swift in Sources */ = {isa = PBXBuildFile; fileRef = C1BB12CE2120A1670023E76E /* DinnerTableViewController.swift */; };
		C1BB12D52120A2BF0023E76E /* UserController.swift in Sources */ = {isa = PBXBuildFile; fileRef = C1BB12D42120A2BF0023E76E /* UserController.swift */; };
		C1BB1338212633A00023E76E /* Dish.swift in Sources */ = {isa = PBXBuildFile; fileRef = C1BB1337212633A00023E76E /* Dish.swift */; };
		C1BB133A212634310023E76E /* Ingredients.swift in Sources */ = {isa = PBXBuildFile; fileRef = C1BB1339212634310023E76E /* Ingredients.swift */; };
/* End PBXBuildFile section */

/* Begin PBXFileReference section */
		C1B86815212B11AF00085E6A /* RecipeViewController.swift */ = {isa = PBXFileReference; lastKnownFileType = sourcecode.swift; path = RecipeViewController.swift; sourceTree = "<group>"; };
		C1BB12B1211CFA050023E76E /* Health_Recipes.app */ = {isa = PBXFileReference; explicitFileType = wrapper.application; includeInIndex = 0; path = Health_Recipes.app; sourceTree = BUILT_PRODUCTS_DIR; };
		C1BB12B4211CFA050023E76E /* AppDelegate.swift */ = {isa = PBXFileReference; lastKnownFileType = sourcecode.swift; path = AppDelegate.swift; sourceTree = "<group>"; };
		C1BB12BB211CFA050023E76E /* Base */ = {isa = PBXFileReference; lastKnownFileType = file.storyboard; name = Base; path = Base.lproj/Main.storyboard; sourceTree = "<group>"; };
		C1BB12BD211CFA060023E76E /* Assets.xcassets */ = {isa = PBXFileReference; lastKnownFileType = folder.assetcatalog; path = Assets.xcassets; sourceTree = "<group>"; };
		C1BB12C0211CFA060023E76E /* Base */ = {isa = PBXFileReference; lastKnownFileType = file.storyboard; name = Base; path = Base.lproj/LaunchScreen.storyboard; sourceTree = "<group>"; };
		C1BB12C2211CFA060023E76E /* Info.plist */ = {isa = PBXFileReference; lastKnownFileType = text.plist.xml; path = Info.plist; sourceTree = "<group>"; };
		C1BB12CA21209FD90023E76E /* BreakfastTableViewController.swift */ = {isa = PBXFileReference; lastKnownFileType = sourcecode.swift; path = BreakfastTableViewController.swift; sourceTree = "<group>"; };
		C1BB12CC2120A1530023E76E /* LunchTableViewController.swift */ = {isa = PBXFileReference; lastKnownFileType = sourcecode.swift; path = LunchTableViewController.swift; sourceTree = "<group>"; };
		C1BB12CE2120A1670023E76E /* DinnerTableViewController.swift */ = {isa = PBXFileReference; lastKnownFileType = sourcecode.swift; path = DinnerTableViewController.swift; sourceTree = "<group>"; };
		C1BB12D42120A2BF0023E76E /* UserController.swift */ = {isa = PBXFileReference; lastKnownFileType = sourcecode.swift; path = UserController.swift; sourceTree = "<group>"; };
		C1BB1337212633A00023E76E /* Dish.swift */ = {isa = PBXFileReference; lastKnownFileType = sourcecode.swift; path = Dish.swift; sourceTree = "<group>"; };
		C1BB1339212634310023E76E /* Ingredients.swift */ = {isa = PBXFileReference; lastKnownFileType = sourcecode.swift; path = Ingredients.swift; sourceTree = "<group>"; };
/* End PBXFileReference section */

/* Begin PBXFrameworksBuildPhase section */
		C1BB12AE211CFA050023E76E /* Frameworks */ = {
			isa = PBXFrameworksBuildPhase;
			buildActionMask = 2147483647;
			files = (
			);
			runOnlyForDeploymentPostprocessing = 0;
		};
/* End PBXFrameworksBuildPhase section */

/* Begin PBXGroup section */
		C1BB12A8211CFA050023E76E = {
			isa = PBXGroup;
			children = (
				C1BB12B3211CFA050023E76E /* Health_Recipes */,
				C1BB12B2211CFA050023E76E /* Products */,
			);
			sourceTree = "<group>";
		};
		C1BB12B2211CFA050023E76E /* Products */ = {
			isa = PBXGroup;
			children = (
				C1BB12B1211CFA050023E76E /* Health_Recipes.app */,
			);
			name = Products;
			sourceTree = "<group>";
		};
		C1BB12B3211CFA050023E76E /* Health_Recipes */ = {
			isa = PBXGroup;
			children = (
				C1BB1337212633A00023E76E /* Dish.swift */,
				C1BB1339212634310023E76E /* Ingredients.swift */,
				C1BB12B4211CFA050023E76E /* AppDelegate.swift */,
				C1BB12CA21209FD90023E76E /* BreakfastTableViewController.swift */,
				C1B86815212B11AF00085E6A /* RecipeViewController.swift */,
				C1BB12CC2120A1530023E76E /* LunchTableViewController.swift */,
				C1BB12CE2120A1670023E76E /* DinnerTableViewController.swift */,
				C1BB12D42120A2BF0023E76E /* UserController.swift */,
				C1BB12BA211CFA050023E76E /* Main.storyboard */,
				C1BB12BD211CFA060023E76E /* Assets.xcassets */,
				C1BB12BF211CFA060023E76E /* LaunchScreen.storyboard */,
				C1BB12C2211CFA060023E76E /* Info.plist */,
			);
			path = Health_Recipes;
			sourceTree = "<group>";
		};
/* End PBXGroup section */

/* Begin PBXNativeTarget section */
		C1BB12B0211CFA050023E76E /* Health_Recipes */ = {
			isa = PBXNativeTarget;
			buildConfigurationList = C1BB12C5211CFA060023E76E /* Build configuration list for PBXNativeTarget "Health_Recipes" */;
			buildPhases = (
				C1BB12AD211CFA050023E76E /* Sources */,
				C1BB12AE211CFA050023E76E /* Frameworks */,
				C1BB12AF211CFA050023E76E /* Resources */,
			);
			buildRules = (
			);
			dependencies = (
			);
			name = Health_Recipes;
			productName = Health_Recipes;
			productReference = C1BB12B1211CFA050023E76E /* Health_Recipes.app */;
			productType = "com.apple.product-type.application";
		};
/* End PBXNativeTarget section */

/* Begin PBXProject section */
		C1BB12A9211CFA050023E76E /* Project object */ = {
			isa = PBXProject;
			attributes = {
				LastSwiftUpdateCheck = 0940;
				LastUpgradeCheck = 0940;
				ORGANIZATIONNAME = Nockzblack;
				TargetAttributes = {
					C1BB12B0211CFA050023E76E = {
						CreatedOnToolsVersion = 9.4.1;
					};
				};
			};
			buildConfigurationList = C1BB12AC211CFA050023E76E /* Build configuration list for PBXProject "Health_Recipes" */;
			compatibilityVersion = "Xcode 9.3";
			developmentRegion = en;
			hasScannedForEncodings = 0;
			knownRegions = (
				en,
				Base,
			);
			mainGroup = C1BB12A8211CFA050023E76E;
			productRefGroup = C1BB12B2211CFA050023E76E /* Products */;
			projectDirPath = "";
			projectRoot = "";
			targets = (
				C1BB12B0211CFA050023E76E /* Health_Recipes */,
			);
		};
/* End PBXProject section */

/* Begin PBXResourcesBuildPhase section */
		C1BB12AF211CFA050023E76E /* Resources */ = {
			isa = PBXResourcesBuildPhase;
			buildActionMask = 2147483647;
			files = (
				C1BB12C1211CFA060023E76E /* LaunchScreen.storyboard in Resources */,
				C1BB12BE211CFA060023E76E /* Assets.xcassets in Resources */,
				C1BB12BC211CFA050023E76E /* Main.storyboard in Resources */,
			);
			runOnlyForDeploymentPostprocessing = 0;
		};
/* End PBXResourcesBuildPhase section */

/* Begin PBXSourcesBuildPhase section */
		C1BB12AD211CFA050023E76E /* Sources */ = {
			isa = PBXSourcesBuildPhase;
			buildActionMask = 2147483647;
			files = (
				C1BB133A212634310023E76E /* Ingredients.swift in Sources */,
				C1BB12CD2120A1530023E76E /* LunchTableViewController.swift in Sources */,
				C1BB12CF2120A1670023E76E /* DinnerTableViewController.swift in Sources */,
				C1BB12D52120A2BF0023E76E /* UserController.swift in Sources */,
				C1B86816212B11AF00085E6A /* RecipeViewController.swift in Sources */,
				C1BB1338212633A00023E76E /* Dish.swift in Sources */,
				C1BB12B5211CFA050023E76E /* AppDelegate.swift in Sources */,
				C1BB12CB21209FD90023E76E /* BreakfastTableViewController.swift in Sources */,
			);
			runOnlyForDeploymentPostprocessing = 0;
		};
/* End PBXSourcesBuildPhase section */

/* Begin PBXVariantGroup section */
		C1BB12BA211CFA050023E76E /* Main.storyboard */ = {
			isa = PBXVariantGroup;
			children = (
				C1BB12BB211CFA050023E76E /* Base */,
			);
			name = Main.storyboard;
			sourceTree = "<group>";
		};
		C1BB12BF211CFA060023E76E /* LaunchScreen.storyboard */ = {
			isa = PBXVariantGroup;
			children = (
				C1BB12C0211CFA060023E76E /* Base */,
			);
			name = LaunchScreen.storyboard;
			sourceTree = "<group>";
		};
/* End PBXVariantGroup section */

/* Begin XCBuildConfiguration section */
		C1BB12C3211CFA060023E76E /* Debug */ = {
			isa = XCBuildConfiguration;
			buildSettings = {
				ALWAYS_SEARCH_USER_PATHS = NO;
				CLANG_ANALYZER_NONNULL = YES;
				CLANG_ANALYZER_NUMBER_OBJECT_CONVERSION = YES_AGGRESSIVE;
				CLANG_CXX_LANGUAGE_STANDARD = "gnu++14";
				CLANG_CXX_LIBRARY = "libc++";
				CLANG_ENABLE_MODULES = YES;
				CLANG_ENABLE_OBJC_ARC = YES;
				CLANG_ENABLE_OBJC_WEAK = YES;
				CLANG_WARN_BLOCK_CAPTURE_AUTORELEASING = YES;
				CLANG_WARN_BOOL_CONVERSION = YES;
				CLANG_WARN_COMMA = YES;
				CLANG_WARN_CONSTANT_CONVERSION = YES;
				CLANG_WARN_DEPRECATED_OBJC_IMPLEMENTATIONS = YES;
				CLANG_WARN_DIRECT_OBJC_ISA_USAGE = YES_ERROR;
				CLANG_WARN_DOCUMENTATION_COMMENTS = YES;
				CLANG_WARN_EMPTY_BODY = YES;
				CLANG_WARN_ENUM_CONVERSION = YES;
				CLANG_WARN_INFINITE_RECURSION = YES;
				CLANG_WARN_INT_CONVERSION = YES;
				CLANG_WARN_NON_LITERAL_NULL_CONVERSION = YES;
				CLANG_WARN_OBJC_IMPLICIT_RETAIN_SELF = YES;
				CLANG_WARN_OBJC_LITERAL_CONVERSION = YES;
				CLANG_WARN_OBJC_ROOT_CLASS = YES_ERROR;
				CLANG_WARN_RANGE_LOOP_ANALYSIS = YES;
				CLANG_WARN_STRICT_PROTOTYPES = YES;
				CLANG_WARN_SUSPICIOUS_MOVE = YES;
				CLANG_WARN_UNGUARDED_AVAILABILITY = YES_AGGRESSIVE;
				CLANG_WARN_UNREACHABLE_CODE = YES;
				CLANG_WARN__DUPLICATE_METHOD_MATCH = YES;
				CODE_SIGN_IDENTITY = "iPhone Developer";
				COPY_PHASE_STRIP = NO;
				DEBUG_INFORMATION_FORMAT = dwarf;
				ENABLE_STRICT_OBJC_MSGSEND = YES;
				ENABLE_TESTABILITY = YES;
				GCC_C_LANGUAGE_STANDARD = gnu11;
				GCC_DYNAMIC_NO_PIC = NO;
				GCC_NO_COMMON_BLOCKS = YES;
				GCC_OPTIMIZATION_LEVEL = 0;
				GCC_PREPROCESSOR_DEFINITIONS = (
					"DEBUG=1",
					"$(inherited)",
				);
				GCC_WARN_64_TO_32_BIT_CONVERSION = YES;
				GCC_WARN_ABOUT_RETURN_TYPE = YES_ERROR;
				GCC_WARN_UNDECLARED_SELECTOR = YES;
				GCC_WARN_UNINITIALIZED_AUTOS = YES_AGGRESSIVE;
				GCC_WARN_UNUSED_FUNCTION = YES;
				GCC_WARN_UNUSED_VARIABLE = YES;
				IPHONEOS_DEPLOYMENT_TARGET = 11.4;
				MTL_ENABLE_DEBUG_INFO = YES;
				ONLY_ACTIVE_ARCH = YES;
				SDKROOT = iphoneos;
				SWIFT_ACTIVE_COMPILATION_CONDITIONS = DEBUG;
				SWIFT_OPTIMIZATION_LEVEL = "-Onone";
			};
			name = Debug;
		};
		C1BB12C4211CFA060023E76E /* Release */ = {
			isa = XCBuildConfiguration;
			buildSettings = {
				ALWAYS_SEARCH_USER_PATHS = NO;
				CLANG_ANALYZER_NONNULL = YES;
				CLANG_ANALYZER_NUMBER_OBJECT_CONVERSION = YES_AGGRESSIVE;
				CLANG_CXX_LANGUAGE_STANDARD = "gnu++14";
				CLANG_CXX_LIBRARY = "libc++";
				CLANG_ENABLE_MODULES = YES;
				CLANG_ENABLE_OBJC_ARC = YES;
				CLANG_ENABLE_OBJC_WEAK = YES;
				CLANG_WARN_BLOCK_CAPTURE_AUTORELEASING = YES;
				CLANG_WARN_BOOL_CONVERSION = YES;
				CLANG_WARN_COMMA = YES;
				CLANG_WARN_CONSTANT_CONVERSION = YES;
				CLANG_WARN_DEPRECATED_OBJC_IMPLEMENTATIONS = YES;
				CLANG_WARN_DIRECT_OBJC_ISA_USAGE = YES_ERROR;
				CLANG_WARN_DOCUMENTATION_COMMENTS = YES;
				CLANG_WARN_EMPTY_BODY = YES;
				CLANG_WARN_ENUM_CONVERSION = YES;
				CLANG_WARN_INFINITE_RECURSION = YES;
				CLANG_WARN_INT_CONVERSION = YES;
				CLANG_WARN_NON_LITERAL_NULL_CONVERSION = YES;
				CLANG_WARN_OBJC_IMPLICIT_RETAIN_SELF = YES;
				CLANG_WARN_OBJC_LITERAL_CONVERSION = YES;
				CLANG_WARN_OBJC_ROOT_CLASS = YES_ERROR;
				CLANG_WARN_RANGE_LOOP_ANALYSIS = YES;
				CLANG_WARN_STRICT_PROTOTYPES = YES;
				CLANG_WARN_SUSPICIOUS_MOVE = YES;
				CLANG_WARN_UNGUARDED_AVAILABILITY = YES_AGGRESSIVE;
				CLANG_WARN_UNREACHABLE_CODE = YES;
				CLANG_WARN__DUPLICATE_METHOD_MATCH = YES;
				CODE_SIGN_IDENTITY = "iPhone Developer";
				COPY_PHASE_STRIP = NO;
				DEBUG_INFORMATION_FORMAT = "dwarf-with-dsym";
				ENABLE_NS_ASSERTIONS = NO;
				ENABLE_STRICT_OBJC_MSGSEND = YES;
				GCC_C_LANGUAGE_STANDARD = gnu11;
				GCC_NO_COMMON_BLOCKS = YES;
				GCC_WARN_64_TO_32_BIT_CONVERSION = YES;
				GCC_WARN_ABOUT_RETURN_TYPE = YES_ERROR;
				GCC_WARN_UNDECLARED_SELECTOR = YES;
				GCC_WARN_UNINITIALIZED_AUTOS = YES_AGGRESSIVE;
				GCC_WARN_UNUSED_FUNCTION = YES;
				GCC_WARN_UNUSED_VARIABLE = YES;
				IPHONEOS_DEPLOYMENT_TARGET = 11.4;
				MTL_ENABLE_DEBUG_INFO = NO;
				SDKROOT = iphoneos;
				SWIFT_COMPILATION_MODE = wholemodule;
				SWIFT_OPTIMIZATION_LEVEL = "-O";
				VALIDATE_PRODUCT = YES;
			};
			name = Release;
		};
		C1BB12C6211CFA060023E76E /* Debug */ = {
			isa = XCBuildConfiguration;
			buildSettings = {
				ASSETCATALOG_COMPILER_APPICON_NAME = AppIcon;
				CODE_SIGN_STYLE = Automatic;
				DEVELOPMENT_TEAM = 4FT83F7673;
				INFOPLIST_FILE = Health_Recipes/Info.plist;
				LD_RUNPATH_SEARCH_PATHS = (
					"$(inherited)",
					"@executable_path/Frameworks",
				);
				PRODUCT_BUNDLE_IDENTIFIER = "fernandobenavides.netlify.com.Health-Recipes";
				PRODUCT_NAME = "$(TARGET_NAME)";
				SWIFT_VERSION = 4.0;
				TARGETED_DEVICE_FAMILY = "1,2";
			};
			name = Debug;
		};
		C1BB12C7211CFA060023E76E /* Release */ = {
			isa = XCBuildConfiguration;
			buildSettings = {
				ASSETCATALOG_COMPILER_APPICON_NAME = AppIcon;
				CODE_SIGN_STYLE = Automatic;
				DEVELOPMENT_TEAM = 4FT83F7673;
				INFOPLIST_FILE = Health_Recipes/Info.plist;
				LD_RUNPATH_SEARCH_PATHS = (
					"$(inherited)",
					"@executable_path/Frameworks",
				);
				PRODUCT_BUNDLE_IDENTIFIER = "fernandobenavides.netlify.com.Health-Recipes";
				PRODUCT_NAME = "$(TARGET_NAME)";
				SWIFT_VERSION = 4.0;
				TARGETED_DEVICE_FAMILY = "1,2";
			};
			name = Release;
		};
/* End XCBuildConfiguration section */

/* Begin XCConfigurationList section */
		C1BB12AC211CFA050023E76E /* Build configuration list for PBXProject "Health_Recipes" */ = {
			isa = XCConfigurationList;
			buildConfigurations = (
				C1BB12C3211CFA060023E76E /* Debug */,
				C1BB12C4211CFA060023E76E /* Release */,
			);
			defaultConfigurationIsVisible = 0;
			defaultConfigurationName = Release;
		};
		C1BB12C5211CFA060023E76E /* Build configuration list for PBXNativeTarget "Health_Recipes" */ = {
			isa = XCConfigurationList;
			buildConfigurations = (
				C1BB12C6211CFA060023E76E /* Debug */,
				C1BB12C7211CFA060023E76E /* Release */,
			);
			defaultConfigurationIsVisible = 0;
			defaultConfigurationName = Release;
		};
/* End XCConfigurationList section */
	};
	rootObject = C1BB12A9211CFA050023E76E /* Project object */;
}
