// !$*UTF8*$!
{
	archiveVersion = 1;
	classes = {
	};
	objectVersion = 50;
	objects = {

/* Begin PBXBuildFile section */
		C16BC86F212EF87C00EDF3B3 /* AddingRecipeVC.swift in Sources */ = {isa = PBXBuildFile; fileRef = C16BC86E212EF87C00EDF3B3 /* AddingRecipeVC.swift */; };
		C1B86816212B11AF00085E6A /* RecipeVC.swift in Sources */ = {isa = PBXBuildFile; fileRef = C1B86815212B11AF00085E6A /* RecipeVC.swift */; };
		C1BB12B5211CFA050023E76E /* AppDelegate.swift in Sources */ = {isa = PBXBuildFile; fileRef = C1BB12B4211CFA050023E76E /* AppDelegate.swift */; };
		C1BB12BC211CFA050023E76E /* Main.storyboard in Resources */ = {isa = PBXBuildFile; fileRef = C1BB12BA211CFA050023E76E /* Main.storyboard */; };
		C1BB12BE211CFA060023E76E /* Assets.xcassets in Resources */ = {isa = PBXBuildFile; fileRef = C1BB12BD211CFA060023E76E /* Assets.xcassets */; };
		C1BB12C1211CFA060023E76E /* LaunchScreen.storyboard in Resources */ = {isa = PBXBuildFile; fileRef = C1BB12BF211CFA060023E76E /* LaunchScreen.storyboard */; };
		C1BB12CB21209FD90023E76E /* BreakfastTableVC.swift in Sources */ = {isa = PBXBuildFile; fileRef = C1BB12CA21209FD90023E76E /* BreakfastTableVC.swift */; };
		C1BB12CF2120A1670023E76E /* DinnerTableViewController.swift in Sources */ = {isa = PBXBuildFile; fileRef = C1BB12CE2120A1670023E76E /* DinnerTableViewController.swift */; };
		C1BB12D52120A2BF0023E76E /* UserController.swift in Sources */ = {isa = PBXBuildFile; fileRef = C1BB12D42120A2BF0023E76E /* UserController.swift */; };
		C1BB1338212633A00023E76E /* Dish.swift in Sources */ = {isa = PBXBuildFile; fileRef = C1BB1337212633A00023E76E /* Dish.swift */; };
		EB152B22216A8DF0001058EA /* IQTextView.swift in Sources */ = {isa = PBXBuildFile; fileRef = EB152B0C216A8DF0001058EA /* IQTextView.swift */; };
		EB152B23216A8DF0001058EA /* IQPreviousNextView.swift in Sources */ = {isa = PBXBuildFile; fileRef = EB152B0E216A8DF0001058EA /* IQPreviousNextView.swift */; };
		EB152B24216A8DF0001058EA /* IQTitleBarButtonItem.swift in Sources */ = {isa = PBXBuildFile; fileRef = EB152B0F216A8DF0001058EA /* IQTitleBarButtonItem.swift */; };
		EB152B25216A8DF0001058EA /* IQBarButtonItem.swift in Sources */ = {isa = PBXBuildFile; fileRef = EB152B10216A8DF0001058EA /* IQBarButtonItem.swift */; };
		EB152B26216A8DF0001058EA /* IQToolbar.swift in Sources */ = {isa = PBXBuildFile; fileRef = EB152B11216A8DF0001058EA /* IQToolbar.swift */; };
		EB152B27216A8DF0001058EA /* IQUIView+IQKeyboardToolbar.swift in Sources */ = {isa = PBXBuildFile; fileRef = EB152B12216A8DF0001058EA /* IQUIView+IQKeyboardToolbar.swift */; };
		EB152B28216A8DF0001058EA /* IQInvocation.swift in Sources */ = {isa = PBXBuildFile; fileRef = EB152B13216A8DF0001058EA /* IQInvocation.swift */; };
		EB152B29216A8DF0001058EA /* IQKeyboardManagerConstantsInternal.swift in Sources */ = {isa = PBXBuildFile; fileRef = EB152B15216A8DF0001058EA /* IQKeyboardManagerConstantsInternal.swift */; };
		EB152B2A216A8DF0001058EA /* IQKeyboardManagerConstants.swift in Sources */ = {isa = PBXBuildFile; fileRef = EB152B16216A8DF0001058EA /* IQKeyboardManagerConstants.swift */; };
		EB152B2B216A8DF0001058EA /* IQKeyboardManager.bundle in Resources */ = {isa = PBXBuildFile; fileRef = EB152B18216A8DF0001058EA /* IQKeyboardManager.bundle */; };
		EB152B2C216A8DF0001058EA /* IQKeyboardReturnKeyHandler.swift in Sources */ = {isa = PBXBuildFile; fileRef = EB152B19216A8DF0001058EA /* IQKeyboardReturnKeyHandler.swift */; };
		EB152B2D216A8DF0001058EA /* IQKeyboardManager.swift in Sources */ = {isa = PBXBuildFile; fileRef = EB152B1A216A8DF0001058EA /* IQKeyboardManager.swift */; };
		EB152B2E216A8DF0001058EA /* IQUIScrollView+Additions.swift in Sources */ = {isa = PBXBuildFile; fileRef = EB152B1D216A8DF0001058EA /* IQUIScrollView+Additions.swift */; };
		EB152B2F216A8DF0001058EA /* IQUIViewController+Additions.swift in Sources */ = {isa = PBXBuildFile; fileRef = EB152B1E216A8DF0001058EA /* IQUIViewController+Additions.swift */; };
		EB152B30216A8DF0001058EA /* IQUITextFieldView+Additions.swift in Sources */ = {isa = PBXBuildFile; fileRef = EB152B1F216A8DF0001058EA /* IQUITextFieldView+Additions.swift */; };
		EB152B31216A8DF0001058EA /* IQUIView+Hierarchy.swift in Sources */ = {isa = PBXBuildFile; fileRef = EB152B20216A8DF0001058EA /* IQUIView+Hierarchy.swift */; };
		EB152B32216A8DF0001058EA /* IQNSArray+Sort.swift in Sources */ = {isa = PBXBuildFile; fileRef = EB152B21216A8DF0001058EA /* IQNSArray+Sort.swift */; };
		EB1E4AAF21DD52A1004CB90D /* iPhone6s.png in Resources */ = {isa = PBXBuildFile; fileRef = EB1E4AAE21DD52A1004CB90D /* iPhone6s.png */; };
		EB61E94F21C9A5370058E68A /* DinnerTableVC.swift in Sources */ = {isa = PBXBuildFile; fileRef = EB61E94E21C9A5370058E68A /* DinnerTableVC.swift */; };
		EB91EDDF217A503900BB66A0 /* food.jpeg in Resources */ = {isa = PBXBuildFile; fileRef = EB91EDDE217A503900BB66A0 /* food.jpeg */; };
		EBD88A04218C8B1B00B48F0B /* defaultImage.png in Resources */ = {isa = PBXBuildFile; fileRef = EBD88A03218C8B1B00B48F0B /* defaultImage.png */; };
/* End PBXBuildFile section */

/* Begin PBXFileReference section */
		C16BC86E212EF87C00EDF3B3 /* AddingRecipeVC.swift */ = {isa = PBXFileReference; lastKnownFileType = sourcecode.swift; path = AddingRecipeVC.swift; sourceTree = "<group>"; };
		C1B86815212B11AF00085E6A /* RecipeVC.swift */ = {isa = PBXFileReference; lastKnownFileType = sourcecode.swift; path = RecipeVC.swift; sourceTree = "<group>"; };
		C1BB12B1211CFA050023E76E /* Health_Recipes.app */ = {isa = PBXFileReference; explicitFileType = wrapper.application; includeInIndex = 0; path = Health_Recipes.app; sourceTree = BUILT_PRODUCTS_DIR; };
		C1BB12B4211CFA050023E76E /* AppDelegate.swift */ = {isa = PBXFileReference; lastKnownFileType = sourcecode.swift; path = AppDelegate.swift; sourceTree = "<group>"; };
		C1BB12BB211CFA050023E76E /* Base */ = {isa = PBXFileReference; lastKnownFileType = file.storyboard; name = Base; path = Base.lproj/Main.storyboard; sourceTree = "<group>"; };
		C1BB12BD211CFA060023E76E /* Assets.xcassets */ = {isa = PBXFileReference; lastKnownFileType = folder.assetcatalog; path = Assets.xcassets; sourceTree = "<group>"; };
		C1BB12C0211CFA060023E76E /* Base */ = {isa = PBXFileReference; lastKnownFileType = file.storyboard; name = Base; path = Base.lproj/LaunchScreen.storyboard; sourceTree = "<group>"; };
		C1BB12C2211CFA060023E76E /* Info.plist */ = {isa = PBXFileReference; lastKnownFileType = text.plist.xml; path = Info.plist; sourceTree = "<group>"; };
		C1BB12CA21209FD90023E76E /* BreakfastTableVC.swift */ = {isa = PBXFileReference; lastKnownFileType = sourcecode.swift; path = BreakfastTableVC.swift; sourceTree = "<group>"; };
		C1BB12CE2120A1670023E76E /* DinnerTableViewController.swift */ = {isa = PBXFileReference; lastKnownFileType = sourcecode.swift; path = DinnerTableViewController.swift; sourceTree = "<group>"; };
		C1BB12D42120A2BF0023E76E /* UserController.swift */ = {isa = PBXFileReference; lastKnownFileType = sourcecode.swift; path = UserController.swift; sourceTree = "<group>"; };
		C1BB1337212633A00023E76E /* Dish.swift */ = {isa = PBXFileReference; lastKnownFileType = sourcecode.swift; path = Dish.swift; sourceTree = "<group>"; };
		EB152B0C216A8DF0001058EA /* IQTextView.swift */ = {isa = PBXFileReference; fileEncoding = 4; lastKnownFileType = sourcecode.swift; path = IQTextView.swift; sourceTree = "<group>"; };
		EB152B0E216A8DF0001058EA /* IQPreviousNextView.swift */ = {isa = PBXFileReference; fileEncoding = 4; lastKnownFileType = sourcecode.swift; path = IQPreviousNextView.swift; sourceTree = "<group>"; };
		EB152B0F216A8DF0001058EA /* IQTitleBarButtonItem.swift */ = {isa = PBXFileReference; fileEncoding = 4; lastKnownFileType = sourcecode.swift; path = IQTitleBarButtonItem.swift; sourceTree = "<group>"; };
		EB152B10216A8DF0001058EA /* IQBarButtonItem.swift */ = {isa = PBXFileReference; fileEncoding = 4; lastKnownFileType = sourcecode.swift; path = IQBarButtonItem.swift; sourceTree = "<group>"; };
		EB152B11216A8DF0001058EA /* IQToolbar.swift */ = {isa = PBXFileReference; fileEncoding = 4; lastKnownFileType = sourcecode.swift; path = IQToolbar.swift; sourceTree = "<group>"; };
		EB152B12216A8DF0001058EA /* IQUIView+IQKeyboardToolbar.swift */ = {isa = PBXFileReference; fileEncoding = 4; lastKnownFileType = sourcecode.swift; path = "IQUIView+IQKeyboardToolbar.swift"; sourceTree = "<group>"; };
		EB152B13216A8DF0001058EA /* IQInvocation.swift */ = {isa = PBXFileReference; fileEncoding = 4; lastKnownFileType = sourcecode.swift; path = IQInvocation.swift; sourceTree = "<group>"; };
		EB152B15216A8DF0001058EA /* IQKeyboardManagerConstantsInternal.swift */ = {isa = PBXFileReference; fileEncoding = 4; lastKnownFileType = sourcecode.swift; path = IQKeyboardManagerConstantsInternal.swift; sourceTree = "<group>"; };
		EB152B16216A8DF0001058EA /* IQKeyboardManagerConstants.swift */ = {isa = PBXFileReference; fileEncoding = 4; lastKnownFileType = sourcecode.swift; path = IQKeyboardManagerConstants.swift; sourceTree = "<group>"; };
		EB152B18216A8DF0001058EA /* IQKeyboardManager.bundle */ = {isa = PBXFileReference; lastKnownFileType = "wrapper.plug-in"; path = IQKeyboardManager.bundle; sourceTree = "<group>"; };
		EB152B19216A8DF0001058EA /* IQKeyboardReturnKeyHandler.swift */ = {isa = PBXFileReference; fileEncoding = 4; lastKnownFileType = sourcecode.swift; path = IQKeyboardReturnKeyHandler.swift; sourceTree = "<group>"; };
		EB152B1A216A8DF0001058EA /* IQKeyboardManager.swift */ = {isa = PBXFileReference; fileEncoding = 4; lastKnownFileType = sourcecode.swift; path = IQKeyboardManager.swift; sourceTree = "<group>"; };
		EB152B1B216A8DF0001058EA /* IQKeyboardManagerSwift.h */ = {isa = PBXFileReference; fileEncoding = 4; lastKnownFileType = sourcecode.c.h; path = IQKeyboardManagerSwift.h; sourceTree = "<group>"; };
		EB152B1D216A8DF0001058EA /* IQUIScrollView+Additions.swift */ = {isa = PBXFileReference; fileEncoding = 4; lastKnownFileType = sourcecode.swift; path = "IQUIScrollView+Additions.swift"; sourceTree = "<group>"; };
		EB152B1E216A8DF0001058EA /* IQUIViewController+Additions.swift */ = {isa = PBXFileReference; fileEncoding = 4; lastKnownFileType = sourcecode.swift; path = "IQUIViewController+Additions.swift"; sourceTree = "<group>"; };
		EB152B1F216A8DF0001058EA /* IQUITextFieldView+Additions.swift */ = {isa = PBXFileReference; fileEncoding = 4; lastKnownFileType = sourcecode.swift; path = "IQUITextFieldView+Additions.swift"; sourceTree = "<group>"; };
		EB152B20216A8DF0001058EA /* IQUIView+Hierarchy.swift */ = {isa = PBXFileReference; fileEncoding = 4; lastKnownFileType = sourcecode.swift; path = "IQUIView+Hierarchy.swift"; sourceTree = "<group>"; };
		EB152B21216A8DF0001058EA /* IQNSArray+Sort.swift */ = {isa = PBXFileReference; fileEncoding = 4; lastKnownFileType = sourcecode.swift; path = "IQNSArray+Sort.swift"; sourceTree = "<group>"; };
		EB1E4AAE21DD52A1004CB90D /* iPhone6s.png */ = {isa = PBXFileReference; lastKnownFileType = image.png; name = iPhone6s.png; path = Logos/iPhone6s.png; sourceTree = SOURCE_ROOT; };
		EB61E94E21C9A5370058E68A /* DinnerTableVC.swift */ = {isa = PBXFileReference; lastKnownFileType = sourcecode.swift; path = DinnerTableVC.swift; sourceTree = "<group>"; };
		EB91EDDE217A503900BB66A0 /* food.jpeg */ = {isa = PBXFileReference; lastKnownFileType = image.jpeg; path = food.jpeg; sourceTree = "<group>"; };
		EBD88A03218C8B1B00B48F0B /* defaultImage.png */ = {isa = PBXFileReference; lastKnownFileType = image.png; path = defaultImage.png; sourceTree = "<group>"; };
/* End PBXFileReference section */

/* Begin PBXFrameworksBuildPhase section */
		C1BB12AE211CFA050023E76E /* Frameworks */ = {
			isa = PBXFrameworksBuildPhase;
			buildActionMask = 2147483647;
			files = (
			);
			runOnlyForDeploymentPostprocessing = 0;
		};
/* End PBXFrameworksBuildPhase section */

/* Begin PBXGroup section */
		C16BC870212F780200EDF3B3 /* To Develop */ = {
			isa = PBXGroup;
			children = (
				C1BB12CE2120A1670023E76E /* DinnerTableViewController.swift */,
				C1BB12D42120A2BF0023E76E /* UserController.swift */,
			);
			path = "To Develop";
			sourceTree = "<group>";
		};
		C1BB12A8211CFA050023E76E = {
			isa = PBXGroup;
			children = (
				C1BB12B3211CFA050023E76E /* Health_Recipes */,
				C1BB12B2211CFA050023E76E /* Products */,
			);
			sourceTree = "<group>";
		};
		C1BB12B2211CFA050023E76E /* Products */ = {
			isa = PBXGroup;
			children = (
				C1BB12B1211CFA050023E76E /* Health_Recipes.app */,
			);
			name = Products;
			sourceTree = "<group>";
		};
		C1BB12B3211CFA050023E76E /* Health_Recipes */ = {
			isa = PBXGroup;
			children = (
				EB152B0A216A8DF0001058EA /* IQKeyboardManagerSwift */,
				C1BB1337212633A00023E76E /* Dish.swift */,
				C16BC86E212EF87C00EDF3B3 /* AddingRecipeVC.swift */,
				C1B86815212B11AF00085E6A /* RecipeVC.swift */,
				C1BB12CA21209FD90023E76E /* BreakfastTableVC.swift */,
				EB61E94E21C9A5370058E68A /* DinnerTableVC.swift */,
				C1BB12BA211CFA050023E76E /* Main.storyboard */,
				EBD88A03218C8B1B00B48F0B /* defaultImage.png */,
				EB91EDDE217A503900BB66A0 /* food.jpeg */,
				C1BB12B4211CFA050023E76E /* AppDelegate.swift */,
				EB1E4AAE21DD52A1004CB90D /* iPhone6s.png */,
				C1BB12BD211CFA060023E76E /* Assets.xcassets */,
				C1BB12BF211CFA060023E76E /* LaunchScreen.storyboard */,
				C1BB12C2211CFA060023E76E /* Info.plist */,
				C16BC870212F780200EDF3B3 /* To Develop */,
			);
			path = Health_Recipes;
			sourceTree = "<group>";
		};
		EB152B0A216A8DF0001058EA /* IQKeyboardManagerSwift */ = {
			isa = PBXGroup;
			children = (
				EB152B0B216A8DF0001058EA /* IQTextView */,
				EB152B0D216A8DF0001058EA /* IQToolbar */,
				EB152B14216A8DF0001058EA /* Constants */,
				EB152B17216A8DF0001058EA /* Resources */,
				EB152B19216A8DF0001058EA /* IQKeyboardReturnKeyHandler.swift */,
				EB152B1A216A8DF0001058EA /* IQKeyboardManager.swift */,
				EB152B1B216A8DF0001058EA /* IQKeyboardManagerSwift.h */,
				EB152B1C216A8DF0001058EA /* Categories */,
			);
			path = IQKeyboardManagerSwift;
			sourceTree = "<group>";
		};
		EB152B0B216A8DF0001058EA /* IQTextView */ = {
			isa = PBXGroup;
			children = (
				EB152B0C216A8DF0001058EA /* IQTextView.swift */,
			);
			path = IQTextView;
			sourceTree = "<group>";
		};
		EB152B0D216A8DF0001058EA /* IQToolbar */ = {
			isa = PBXGroup;
			children = (
				EB152B0E216A8DF0001058EA /* IQPreviousNextView.swift */,
				EB152B0F216A8DF0001058EA /* IQTitleBarButtonItem.swift */,
				EB152B10216A8DF0001058EA /* IQBarButtonItem.swift */,
				EB152B11216A8DF0001058EA /* IQToolbar.swift */,
				EB152B12216A8DF0001058EA /* IQUIView+IQKeyboardToolbar.swift */,
				EB152B13216A8DF0001058EA /* IQInvocation.swift */,
			);
			path = IQToolbar;
			sourceTree = "<group>";
		};
		EB152B14216A8DF0001058EA /* Constants */ = {
			isa = PBXGroup;
			children = (
				EB152B15216A8DF0001058EA /* IQKeyboardManagerConstantsInternal.swift */,
				EB152B16216A8DF0001058EA /* IQKeyboardManagerConstants.swift */,
			);
			path = Constants;
			sourceTree = "<group>";
		};
		EB152B17216A8DF0001058EA /* Resources */ = {
			isa = PBXGroup;
			children = (
				EB152B18216A8DF0001058EA /* IQKeyboardManager.bundle */,
			);
			path = Resources;
			sourceTree = "<group>";
		};
		EB152B1C216A8DF0001058EA /* Categories */ = {
			isa = PBXGroup;
			children = (
				EB152B1D216A8DF0001058EA /* IQUIScrollView+Additions.swift */,
				EB152B1E216A8DF0001058EA /* IQUIViewController+Additions.swift */,
				EB152B1F216A8DF0001058EA /* IQUITextFieldView+Additions.swift */,
				EB152B20216A8DF0001058EA /* IQUIView+Hierarchy.swift */,
				EB152B21216A8DF0001058EA /* IQNSArray+Sort.swift */,
			);
			path = Categories;
			sourceTree = "<group>";
		};
/* End PBXGroup section */

/* Begin PBXNativeTarget section */
		C1BB12B0211CFA050023E76E /* Health_Recipes */ = {
			isa = PBXNativeTarget;
			buildConfigurationList = C1BB12C5211CFA060023E76E /* Build configuration list for PBXNativeTarget "Health_Recipes" */;
			buildPhases = (
				C1BB12AD211CFA050023E76E /* Sources */,
				C1BB12AE211CFA050023E76E /* Frameworks */,
				C1BB12AF211CFA050023E76E /* Resources */,
			);
			buildRules = (
			);
			dependencies = (
			);
			name = Health_Recipes;
			productName = Health_Recipes;
			productReference = C1BB12B1211CFA050023E76E /* Health_Recipes.app */;
			productType = "com.apple.product-type.application";
		};
/* End PBXNativeTarget section */

/* Begin PBXProject section */
		C1BB12A9211CFA050023E76E /* Project object */ = {
			isa = PBXProject;
			attributes = {
				LastSwiftUpdateCheck = 0940;
				LastUpgradeCheck = 0940;
				ORGANIZATIONNAME = Nockzblack;
				TargetAttributes = {
					C1BB12B0211CFA050023E76E = {
						CreatedOnToolsVersion = 9.4.1;
						LastSwiftMigration = 1000;
					};
				};
			};
			buildConfigurationList = C1BB12AC211CFA050023E76E /* Build configuration list for PBXProject "Health_Recipes" */;
			compatibilityVersion = "Xcode 9.3";
			developmentRegion = en;
			hasScannedForEncodings = 0;
			knownRegions = (
				en,
				Base,
			);
			mainGroup = C1BB12A8211CFA050023E76E;
			productRefGroup = C1BB12B2211CFA050023E76E /* Products */;
			projectDirPath = "";
			projectRoot = "";
			targets = (
				C1BB12B0211CFA050023E76E /* Health_Recipes */,
			);
		};
/* End PBXProject section */

/* Begin PBXResourcesBuildPhase section */
		C1BB12AF211CFA050023E76E /* Resources */ = {
			isa = PBXResourcesBuildPhase;
			buildActionMask = 2147483647;
			files = (
				EBD88A04218C8B1B00B48F0B /* defaultImage.png in Resources */,
				C1BB12C1211CFA060023E76E /* LaunchScreen.storyboard in Resources */,
				C1BB12BE211CFA060023E76E /* Assets.xcassets in Resources */,
				EB152B2B216A8DF0001058EA /* IQKeyboardManager.bundle in Resources */,
				EB1E4AAF21DD52A1004CB90D /* iPhone6s.png in Resources */,
				EB91EDDF217A503900BB66A0 /* food.jpeg in Resources */,
				C1BB12BC211CFA050023E76E /* Main.storyboard in Resources */,
			);
			runOnlyForDeploymentPostprocessing = 0;
		};
/* End PBXResourcesBuildPhase section */

/* Begin PBXSourcesBuildPhase section */
		C1BB12AD211CFA050023E76E /* Sources */ = {
			isa = PBXSourcesBuildPhase;
			buildActionMask = 2147483647;
			files = (
				EB152B32216A8DF0001058EA /* IQNSArray+Sort.swift in Sources */,
				EB152B28216A8DF0001058EA /* IQInvocation.swift in Sources */,
				EB152B26216A8DF0001058EA /* IQToolbar.swift in Sources */,
				C16BC86F212EF87C00EDF3B3 /* AddingRecipeVC.swift in Sources */,
				EB152B27216A8DF0001058EA /* IQUIView+IQKeyboardToolbar.swift in Sources */,
				EB152B2E216A8DF0001058EA /* IQUIScrollView+Additions.swift in Sources */,
				EB152B30216A8DF0001058EA /* IQUITextFieldView+Additions.swift in Sources */,
				C1BB12CF2120A1670023E76E /* DinnerTableViewController.swift in Sources */,
				C1BB12D52120A2BF0023E76E /* UserController.swift in Sources */,
				EB152B22216A8DF0001058EA /* IQTextView.swift in Sources */,
				EB61E94F21C9A5370058E68A /* DinnerTableVC.swift in Sources */,
				EB152B23216A8DF0001058EA /* IQPreviousNextView.swift in Sources */,
				EB152B2A216A8DF0001058EA /* IQKeyboardManagerConstants.swift in Sources */,
				C1B86816212B11AF00085E6A /* RecipeVC.swift in Sources */,
				C1BB1338212633A00023E76E /* Dish.swift in Sources */,
				EB152B2F216A8DF0001058EA /* IQUIViewController+Additions.swift in Sources */,
				EB152B31216A8DF0001058EA /* IQUIView+Hierarchy.swift in Sources */,
				EB152B25216A8DF0001058EA /* IQBarButtonItem.swift in Sources */,
				EB152B24216A8DF0001058EA /* IQTitleBarButtonItem.swift in Sources */,
				C1BB12B5211CFA050023E76E /* AppDelegate.swift in Sources */,
				EB152B2D216A8DF0001058EA /* IQKeyboardManager.swift in Sources */,
				EB152B2C216A8DF0001058EA /* IQKeyboardReturnKeyHandler.swift in Sources */,
				C1BB12CB21209FD90023E76E /* BreakfastTableVC.swift in Sources */,
				EB152B29216A8DF0001058EA /* IQKeyboardManagerConstantsInternal.swift in Sources */,
			);
			runOnlyForDeploymentPostprocessing = 0;
		};
/* End PBXSourcesBuildPhase section */

/* Begin PBXVariantGroup section */
		C1BB12BA211CFA050023E76E /* Main.storyboard */ = {
			isa = PBXVariantGroup;
			children = (
				C1BB12BB211CFA050023E76E /* Base */,
			);
			name = Main.storyboard;
			sourceTree = "<group>";
		};
		C1BB12BF211CFA060023E76E /* LaunchScreen.storyboard */ = {
			isa = PBXVariantGroup;
			children = (
				C1BB12C0211CFA060023E76E /* Base */,
			);
			name = LaunchScreen.storyboard;
			sourceTree = "<group>";
		};
/* End PBXVariantGroup section */

/* Begin XCBuildConfiguration section */
		C1BB12C3211CFA060023E76E /* Debug */ = {
			isa = XCBuildConfiguration;
			buildSettings = {
				ALWAYS_SEARCH_USER_PATHS = NO;
				CLANG_ANALYZER_NONNULL = YES;
				CLANG_ANALYZER_NUMBER_OBJECT_CONVERSION = YES_AGGRESSIVE;
				CLANG_CXX_LANGUAGE_STANDARD = "gnu++14";
				CLANG_CXX_LIBRARY = "libc++";
				CLANG_ENABLE_MODULES = YES;
				CLANG_ENABLE_OBJC_ARC = YES;
				CLANG_ENABLE_OBJC_WEAK = YES;
				CLANG_WARN_BLOCK_CAPTURE_AUTORELEASING = YES;
				CLANG_WARN_BOOL_CONVERSION = YES;
				CLANG_WARN_COMMA = YES;
				CLANG_WARN_CONSTANT_CONVERSION = YES;
				CLANG_WARN_DEPRECATED_OBJC_IMPLEMENTATIONS = YES;
				CLANG_WARN_DIRECT_OBJC_ISA_USAGE = YES_ERROR;
				CLANG_WARN_DOCUMENTATION_COMMENTS = YES;
				CLANG_WARN_EMPTY_BODY = YES;
				CLANG_WARN_ENUM_CONVERSION = YES;
				CLANG_WARN_INFINITE_RECURSION = YES;
				CLANG_WARN_INT_CONVERSION = YES;
				CLANG_WARN_NON_LITERAL_NULL_CONVERSION = YES;
				CLANG_WARN_OBJC_IMPLICIT_RETAIN_SELF = YES;
				CLANG_WARN_OBJC_LITERAL_CONVERSION = YES;
				CLANG_WARN_OBJC_ROOT_CLASS = YES_ERROR;
				CLANG_WARN_RANGE_LOOP_ANALYSIS = YES;
				CLANG_WARN_STRICT_PROTOTYPES = YES;
				CLANG_WARN_SUSPICIOUS_MOVE = YES;
				CLANG_WARN_UNGUARDED_AVAILABILITY = YES_AGGRESSIVE;
				CLANG_WARN_UNREACHABLE_CODE = YES;
				CLANG_WARN__DUPLICATE_METHOD_MATCH = YES;
				CODE_SIGN_IDENTITY = "iPhone Developer";
				COPY_PHASE_STRIP = NO;
				DEBUG_INFORMATION_FORMAT = dwarf;
				ENABLE_STRICT_OBJC_MSGSEND = YES;
				ENABLE_TESTABILITY = YES;
				GCC_C_LANGUAGE_STANDARD = gnu11;
				GCC_DYNAMIC_NO_PIC = NO;
				GCC_NO_COMMON_BLOCKS = YES;
				GCC_OPTIMIZATION_LEVEL = 0;
				GCC_PREPROCESSOR_DEFINITIONS = (
					"DEBUG=1",
					"$(inherited)",
				);
				GCC_WARN_64_TO_32_BIT_CONVERSION = YES;
				GCC_WARN_ABOUT_RETURN_TYPE = YES_ERROR;
				GCC_WARN_UNDECLARED_SELECTOR = YES;
				GCC_WARN_UNINITIALIZED_AUTOS = YES_AGGRESSIVE;
				GCC_WARN_UNUSED_FUNCTION = YES;
				GCC_WARN_UNUSED_VARIABLE = YES;
				IPHONEOS_DEPLOYMENT_TARGET = 11.4;
				MTL_ENABLE_DEBUG_INFO = YES;
				ONLY_ACTIVE_ARCH = YES;
				SDKROOT = iphoneos;
				SWIFT_ACTIVE_COMPILATION_CONDITIONS = DEBUG;
				SWIFT_OPTIMIZATION_LEVEL = "-Onone";
			};
			name = Debug;
		};
		C1BB12C4211CFA060023E76E /* Release */ = {
			isa = XCBuildConfiguration;
			buildSettings = {
				ALWAYS_SEARCH_USER_PATHS = NO;
				CLANG_ANALYZER_NONNULL = YES;
				CLANG_ANALYZER_NUMBER_OBJECT_CONVERSION = YES_AGGRESSIVE;
				CLANG_CXX_LANGUAGE_STANDARD = "gnu++14";
				CLANG_CXX_LIBRARY = "libc++";
				CLANG_ENABLE_MODULES = YES;
				CLANG_ENABLE_OBJC_ARC = YES;
				CLANG_ENABLE_OBJC_WEAK = YES;
				CLANG_WARN_BLOCK_CAPTURE_AUTORELEASING = YES;
				CLANG_WARN_BOOL_CONVERSION = YES;
				CLANG_WARN_COMMA = YES;
				CLANG_WARN_CONSTANT_CONVERSION = YES;
				CLANG_WARN_DEPRECATED_OBJC_IMPLEMENTATIONS = YES;
				CLANG_WARN_DIRECT_OBJC_ISA_USAGE = YES_ERROR;
				CLANG_WARN_DOCUMENTATION_COMMENTS = YES;
				CLANG_WARN_EMPTY_BODY = YES;
				CLANG_WARN_ENUM_CONVERSION = YES;
				CLANG_WARN_INFINITE_RECURSION = YES;
				CLANG_WARN_INT_CONVERSION = YES;
				CLANG_WARN_NON_LITERAL_NULL_CONVERSION = YES;
				CLANG_WARN_OBJC_IMPLICIT_RETAIN_SELF = YES;
				CLANG_WARN_OBJC_LITERAL_CONVERSION = YES;
				CLANG_WARN_OBJC_ROOT_CLASS = YES_ERROR;
				CLANG_WARN_RANGE_LOOP_ANALYSIS = YES;
				CLANG_WARN_STRICT_PROTOTYPES = YES;
				CLANG_WARN_SUSPICIOUS_MOVE = YES;
				CLANG_WARN_UNGUARDED_AVAILABILITY = YES_AGGRESSIVE;
				CLANG_WARN_UNREACHABLE_CODE = YES;
				CLANG_WARN__DUPLICATE_METHOD_MATCH = YES;
				CODE_SIGN_IDENTITY = "iPhone Developer";
				COPY_PHASE_STRIP = NO;
				DEBUG_INFORMATION_FORMAT = "dwarf-with-dsym";
				ENABLE_NS_ASSERTIONS = NO;
				ENABLE_STRICT_OBJC_MSGSEND = YES;
				GCC_C_LANGUAGE_STANDARD = gnu11;
				GCC_NO_COMMON_BLOCKS = YES;
				GCC_WARN_64_TO_32_BIT_CONVERSION = YES;
				GCC_WARN_ABOUT_RETURN_TYPE = YES_ERROR;
				GCC_WARN_UNDECLARED_SELECTOR = YES;
				GCC_WARN_UNINITIALIZED_AUTOS = YES_AGGRESSIVE;
				GCC_WARN_UNUSED_FUNCTION = YES;
				GCC_WARN_UNUSED_VARIABLE = YES;
				IPHONEOS_DEPLOYMENT_TARGET = 11.4;
				MTL_ENABLE_DEBUG_INFO = NO;
				SDKROOT = iphoneos;
				SWIFT_COMPILATION_MODE = wholemodule;
				SWIFT_OPTIMIZATION_LEVEL = "-O";
				VALIDATE_PRODUCT = YES;
			};
			name = Release;
		};
		C1BB12C6211CFA060023E76E /* Debug */ = {
			isa = XCBuildConfiguration;
			buildSettings = {
				ASSETCATALOG_COMPILER_APPICON_NAME = AppIcon;
				CODE_SIGN_STYLE = Automatic;
				DEVELOPMENT_TEAM = 4FT83F7673;
				INFOPLIST_FILE = Health_Recipes/Info.plist;
				LD_RUNPATH_SEARCH_PATHS = (
					"$(inherited)",
					"@executable_path/Frameworks",
				);
				PRODUCT_BUNDLE_IDENTIFIER = "fernandobenavides.netlify.com.Health-Recipes";
				PRODUCT_NAME = "$(TARGET_NAME)";
				SWIFT_VERSION = 4.2;
				TARGETED_DEVICE_FAMILY = "1,2";
			};
			name = Debug;
		};
		C1BB12C7211CFA060023E76E /* Release */ = {
			isa = XCBuildConfiguration;
			buildSettings = {
				ASSETCATALOG_COMPILER_APPICON_NAME = AppIcon;
				CODE_SIGN_STYLE = Automatic;
				DEVELOPMENT_TEAM = 4FT83F7673;
				INFOPLIST_FILE = Health_Recipes/Info.plist;
				LD_RUNPATH_SEARCH_PATHS = (
					"$(inherited)",
					"@executable_path/Frameworks",
				);
				PRODUCT_BUNDLE_IDENTIFIER = "fernandobenavides.netlify.com.Health-Recipes";
				PRODUCT_NAME = "$(TARGET_NAME)";
				SWIFT_VERSION = 4.2;
				TARGETED_DEVICE_FAMILY = "1,2";
			};
			name = Release;
		};
/* End XCBuildConfiguration section */

/* Begin XCConfigurationList section */
		C1BB12AC211CFA050023E76E /* Build configuration list for PBXProject "Health_Recipes" */ = {
			isa = XCConfigurationList;
			buildConfigurations = (
				C1BB12C3211CFA060023E76E /* Debug */,
				C1BB12C4211CFA060023E76E /* Release */,
			);
			defaultConfigurationIsVisible = 0;
			defaultConfigurationName = Release;
		};
		C1BB12C5211CFA060023E76E /* Build configuration list for PBXNativeTarget "Health_Recipes" */ = {
			isa = XCConfigurationList;
			buildConfigurations = (
				C1BB12C6211CFA060023E76E /* Debug */,
				C1BB12C7211CFA060023E76E /* Release */,
			);
			defaultConfigurationIsVisible = 0;
			defaultConfigurationName = Release;
		};
/* End XCConfigurationList section */
	};
	rootObject = C1BB12A9211CFA050023E76E /* Project object */;
}
